
Microsoft Visual Studio Solution File, Format Version 12.00
# Visual Studio 14
VisualStudioVersion = 14.0.25420.1
MinimumVisualStudioVersion = 10.0.40219.1
Project("{FAE04EC0-301F-11D3-BF4B-00C04F79EFBC}") = "asp-test-1", "asp-test-1\asp-test-1.csproj", "{7E9AE050-4623-4DC1-A850-5FCDA589830D}"
EndProject
Project("{FAE04EC0-301F-11D3-BF4B-00C04F79EFBC}") = "asp-test-1.Tests", "asp-test-1.Tests\asp-test-1.Tests.csproj", "{E21CC2F9-E531-4C36-A516-02CDC344DF47}"
EndProject
Global
	GlobalSection(SolutionConfigurationPlatforms) = preSolution
		Debug|Any CPU = Debug|Any CPU
		Release|Any CPU = Release|Any CPU
	EndGlobalSection
	GlobalSection(ProjectConfigurationPlatforms) = postSolution
		{7E9AE050-4623-4DC1-A850-5FCDA589830D}.Debug|Any CPU.ActiveCfg = Debug|Any CPU
		{7E9AE050-4623-4DC1-A850-5FCDA589830D}.Debug|Any CPU.Build.0 = Debug|Any CPU
		{7E9AE050-4623-4DC1-A850-5FCDA589830D}.Release|Any CPU.ActiveCfg = Release|Any CPU
		{7E9AE050-4623-4DC1-A850-5FCDA589830D}.Release|Any CPU.Build.0 = Release|Any CPU
		{E21CC2F9-E531-4C36-A516-02CDC344DF47}.Debug|Any CPU.ActiveCfg = Debug|Any CPU
		{E21CC2F9-E531-4C36-A516-02CDC344DF47}.Debug|Any CPU.Build.0 = Debug|Any CPU
		{E21CC2F9-E531-4C36-A516-02CDC344DF47}.Release|Any CPU.ActiveCfg = Release|Any CPU
		{E21CC2F9-E531-4C36-A516-02CDC344DF47}.Release|Any CPU.Build.0 = Release|Any CPU
	EndGlobalSection
	GlobalSection(SolutionProperties) = preSolution
		HideSolutionNode = FALSE
	EndGlobalSection
EndGlobal
